// !$*UTF8*$!
{
	archiveVersion = 1;
	classes = {
	};
	objectVersion = 56;
	objects = {

/* Begin PBXBuildFile section */
		EE90E0DF299977EE00B3EBE1 /* AppDelegate.swift in Sources */ = {isa = PBXBuildFile; fileRef = EE90E0DE299977EE00B3EBE1 /* AppDelegate.swift */; };
		EE90E0E1299977EE00B3EBE1 /* SceneDelegate.swift in Sources */ = {isa = PBXBuildFile; fileRef = EE90E0E0299977EE00B3EBE1 /* SceneDelegate.swift */; };
		EE90E0E3299977EE00B3EBE1 /* RestaurantsViewController.swift in Sources */ = {isa = PBXBuildFile; fileRef = EE90E0E2299977EE00B3EBE1 /* RestaurantsViewController.swift */; };
		EE90E0E8299977EF00B3EBE1 /* Assets.xcassets in Resources */ = {isa = PBXBuildFile; fileRef = EE90E0E7299977EF00B3EBE1 /* Assets.xcassets */; };
		EE90E0EB299977EF00B3EBE1 /* LaunchScreen.storyboard in Resources */ = {isa = PBXBuildFile; fileRef = EE90E0E9299977EF00B3EBE1 /* LaunchScreen.storyboard */; };
		EE90E11529997A4A00B3EBE1 /* RestaurantsService.swift in Sources */ = {isa = PBXBuildFile; fileRef = EE90E11429997A4A00B3EBE1 /* RestaurantsService.swift */; };
		EE90E11729997A6600B3EBE1 /* Restaurant.swift in Sources */ = {isa = PBXBuildFile; fileRef = EE90E11629997A6600B3EBE1 /* Restaurant.swift */; };
		EE90E11929997A8200B3EBE1 /* Address.swift in Sources */ = {isa = PBXBuildFile; fileRef = EE90E11829997A8200B3EBE1 /* Address.swift */; };
		EE90E11B29997A9900B3EBE1 /* Rating.swift in Sources */ = {isa = PBXBuildFile; fileRef = EE90E11A29997A9900B3EBE1 /* Rating.swift */; };
		EE90E11D29997AAA00B3EBE1 /* Photo.swift in Sources */ = {isa = PBXBuildFile; fileRef = EE90E11C29997AAA00B3EBE1 /* Photo.swift */; };
		EE90E11F29997AC800B3EBE1 /* Offer.swift in Sources */ = {isa = PBXBuildFile; fileRef = EE90E11E29997AC800B3EBE1 /* Offer.swift */; };
		EE90E12129997BE400B3EBE1 /* RestaurantTableViewCell.swift in Sources */ = {isa = PBXBuildFile; fileRef = EE90E12029997BE400B3EBE1 /* RestaurantTableViewCell.swift */; };
		EE90E12429997D7700B3EBE1 /* RestaurantsViewModel.swift in Sources */ = {isa = PBXBuildFile; fileRef = EE90E12329997D7700B3EBE1 /* RestaurantsViewModel.swift */; };
		EE90E127299980A200B3EBE1 /* Extensions.swift in Sources */ = {isa = PBXBuildFile; fileRef = EE90E126299980A200B3EBE1 /* Extensions.swift */; };
		EE90E12A2999815E00B3EBE1 /* Kingfisher in Frameworks */ = {isa = PBXBuildFile; productRef = EE90E1292999815E00B3EBE1 /* Kingfisher */; };
		EE90E12C299983C000B3EBE1 /* ViewFactory.swift in Sources */ = {isa = PBXBuildFile; fileRef = EE90E12B299983C000B3EBE1 /* ViewFactory.swift */; };
		EE90E12F2999899200B3EBE1 /* RestaurantsViewModelTests.swift in Sources */ = {isa = PBXBuildFile; fileRef = EE90E12E2999899200B3EBE1 /* RestaurantsViewModelTests.swift */; };
		EE90E132299989CA00B3EBE1 /* MockRestaurantsService.swift in Sources */ = {isa = PBXBuildFile; fileRef = EE90E131299989CA00B3EBE1 /* MockRestaurantsService.swift */; };
		EE90E134299989FA00B3EBE1 /* MockFactory.swift in Sources */ = {isa = PBXBuildFile; fileRef = EE90E133299989FA00B3EBE1 /* MockFactory.swift */; };
/* End PBXBuildFile section */

/* Begin PBXContainerItemProxy section */
		EE90E0F2299977F000B3EBE1 /* PBXContainerItemProxy */ = {
			isa = PBXContainerItemProxy;
			containerPortal = EE90E0D3299977EE00B3EBE1 /* Project object */;
			proxyType = 1;
			remoteGlobalIDString = EE90E0DA299977EE00B3EBE1;
			remoteInfo = KubikwareChallenge;
		};
/* End PBXContainerItemProxy section */

/* Begin PBXFileReference section */
		EE90E0DB299977EE00B3EBE1 /* KubikwareChallenge.app */ = {isa = PBXFileReference; explicitFileType = wrapper.application; includeInIndex = 0; path = KubikwareChallenge.app; sourceTree = BUILT_PRODUCTS_DIR; };
		EE90E0DE299977EE00B3EBE1 /* AppDelegate.swift */ = {isa = PBXFileReference; lastKnownFileType = sourcecode.swift; path = AppDelegate.swift; sourceTree = "<group>"; };
		EE90E0E0299977EE00B3EBE1 /* SceneDelegate.swift */ = {isa = PBXFileReference; lastKnownFileType = sourcecode.swift; path = SceneDelegate.swift; sourceTree = "<group>"; };
		EE90E0E2299977EE00B3EBE1 /* RestaurantsViewController.swift */ = {isa = PBXFileReference; lastKnownFileType = sourcecode.swift; path = RestaurantsViewController.swift; sourceTree = "<group>"; };
		EE90E0E7299977EF00B3EBE1 /* Assets.xcassets */ = {isa = PBXFileReference; lastKnownFileType = folder.assetcatalog; path = Assets.xcassets; sourceTree = "<group>"; };
		EE90E0EA299977EF00B3EBE1 /* Base */ = {isa = PBXFileReference; lastKnownFileType = file.storyboard; name = Base; path = Base.lproj/LaunchScreen.storyboard; sourceTree = "<group>"; };
		EE90E0EC299977EF00B3EBE1 /* Info.plist */ = {isa = PBXFileReference; lastKnownFileType = text.plist.xml; path = Info.plist; sourceTree = "<group>"; };
		EE90E0F1299977F000B3EBE1 /* KubikwareChallengeTests.xctest */ = {isa = PBXFileReference; explicitFileType = wrapper.cfbundle; includeInIndex = 0; path = KubikwareChallengeTests.xctest; sourceTree = BUILT_PRODUCTS_DIR; };
		EE90E11429997A4A00B3EBE1 /* RestaurantsService.swift */ = {isa = PBXFileReference; lastKnownFileType = sourcecode.swift; path = RestaurantsService.swift; sourceTree = "<group>"; };
		EE90E11629997A6600B3EBE1 /* Restaurant.swift */ = {isa = PBXFileReference; lastKnownFileType = sourcecode.swift; path = Restaurant.swift; sourceTree = "<group>"; };
		EE90E11829997A8200B3EBE1 /* Address.swift */ = {isa = PBXFileReference; lastKnownFileType = sourcecode.swift; path = Address.swift; sourceTree = "<group>"; };
		EE90E11A29997A9900B3EBE1 /* Rating.swift */ = {isa = PBXFileReference; lastKnownFileType = sourcecode.swift; path = Rating.swift; sourceTree = "<group>"; };
		EE90E11C29997AAA00B3EBE1 /* Photo.swift */ = {isa = PBXFileReference; lastKnownFileType = sourcecode.swift; path = Photo.swift; sourceTree = "<group>"; };
		EE90E11E29997AC800B3EBE1 /* Offer.swift */ = {isa = PBXFileReference; lastKnownFileType = sourcecode.swift; path = Offer.swift; sourceTree = "<group>"; };
		EE90E12029997BE400B3EBE1 /* RestaurantTableViewCell.swift */ = {isa = PBXFileReference; lastKnownFileType = sourcecode.swift; path = RestaurantTableViewCell.swift; sourceTree = "<group>"; };
		EE90E12329997D7700B3EBE1 /* RestaurantsViewModel.swift */ = {isa = PBXFileReference; lastKnownFileType = sourcecode.swift; path = RestaurantsViewModel.swift; sourceTree = "<group>"; };
		EE90E126299980A200B3EBE1 /* Extensions.swift */ = {isa = PBXFileReference; lastKnownFileType = sourcecode.swift; path = Extensions.swift; sourceTree = "<group>"; };
		EE90E12B299983C000B3EBE1 /* ViewFactory.swift */ = {isa = PBXFileReference; lastKnownFileType = sourcecode.swift; path = ViewFactory.swift; sourceTree = "<group>"; };
		EE90E12E2999899200B3EBE1 /* RestaurantsViewModelTests.swift */ = {isa = PBXFileReference; lastKnownFileType = sourcecode.swift; path = RestaurantsViewModelTests.swift; sourceTree = "<group>"; };
		EE90E131299989CA00B3EBE1 /* MockRestaurantsService.swift */ = {isa = PBXFileReference; lastKnownFileType = sourcecode.swift; path = MockRestaurantsService.swift; sourceTree = "<group>"; };
		EE90E133299989FA00B3EBE1 /* MockFactory.swift */ = {isa = PBXFileReference; lastKnownFileType = sourcecode.swift; path = MockFactory.swift; sourceTree = "<group>"; };
/* End PBXFileReference section */

/* Begin PBXFrameworksBuildPhase section */
		EE90E0D8299977EE00B3EBE1 /* Frameworks */ = {
			isa = PBXFrameworksBuildPhase;
			buildActionMask = 2147483647;
			files = (
				EE90E12A2999815E00B3EBE1 /* Kingfisher in Frameworks */,
			);
			runOnlyForDeploymentPostprocessing = 0;
		};
		EE90E0EE299977F000B3EBE1 /* Frameworks */ = {
			isa = PBXFrameworksBuildPhase;
			buildActionMask = 2147483647;
			files = (
			);
			runOnlyForDeploymentPostprocessing = 0;
		};
/* End PBXFrameworksBuildPhase section */

/* Begin PBXGroup section */
		EE90E0D2299977EE00B3EBE1 = {
			isa = PBXGroup;
			children = (
				EE90E0DD299977EE00B3EBE1 /* KubikwareChallenge */,
				EE90E0F4299977F000B3EBE1 /* KubikwareChallengeTests */,
				EE90E0DC299977EE00B3EBE1 /* Products */,
			);
			sourceTree = "<group>";
		};
		EE90E0DC299977EE00B3EBE1 /* Products */ = {
			isa = PBXGroup;
			children = (
				EE90E0DB299977EE00B3EBE1 /* KubikwareChallenge.app */,
				EE90E0F1299977F000B3EBE1 /* KubikwareChallengeTests.xctest */,
			);
			name = Products;
			sourceTree = "<group>";
		};
		EE90E0DD299977EE00B3EBE1 /* KubikwareChallenge */ = {
			isa = PBXGroup;
			children = (
				EE90E1252999809900B3EBE1 /* Utils */,
				EE90E11329997A3400B3EBE1 /* Networking */,
				EE90E10E299978BE00B3EBE1 /* Main */,
				EE90E10F299979A100B3EBE1 /* Restaurants */,
			);
			path = KubikwareChallenge;
			sourceTree = "<group>";
		};
		EE90E0F4299977F000B3EBE1 /* KubikwareChallengeTests */ = {
			isa = PBXGroup;
			children = (
				EE90E130299989B000B3EBE1 /* Mocks */,
				EE90E12D2999897D00B3EBE1 /* ViewModel */,
			);
			path = KubikwareChallengeTests;
			sourceTree = "<group>";
		};
		EE90E10E299978BE00B3EBE1 /* Main */ = {
			isa = PBXGroup;
			children = (
				EE90E0DE299977EE00B3EBE1 /* AppDelegate.swift */,
				EE90E0E0299977EE00B3EBE1 /* SceneDelegate.swift */,
				EE90E0E7299977EF00B3EBE1 /* Assets.xcassets */,
				EE90E0E9299977EF00B3EBE1 /* LaunchScreen.storyboard */,
				EE90E0EC299977EF00B3EBE1 /* Info.plist */,
			);
			path = Main;
			sourceTree = "<group>";
		};
		EE90E10F299979A100B3EBE1 /* Restaurants */ = {
			isa = PBXGroup;
			children = (
				EE90E110299979AA00B3EBE1 /* Model */,
				EE90E112299979B900B3EBE1 /* ViewModel */,
				EE90E111299979B200B3EBE1 /* View */,
			);
			path = Restaurants;
			sourceTree = "<group>";
		};
		EE90E110299979AA00B3EBE1 /* Model */ = {
			isa = PBXGroup;
			children = (
				EE90E11629997A6600B3EBE1 /* Restaurant.swift */,
				EE90E11829997A8200B3EBE1 /* Address.swift */,
				EE90E11A29997A9900B3EBE1 /* Rating.swift */,
				EE90E11C29997AAA00B3EBE1 /* Photo.swift */,
				EE90E11E29997AC800B3EBE1 /* Offer.swift */,
			);
			path = Model;
			sourceTree = "<group>";
		};
		EE90E111299979B200B3EBE1 /* View */ = {
			isa = PBXGroup;
			children = (
				EE90E0E2299977EE00B3EBE1 /* RestaurantsViewController.swift */,
				EE90E12029997BE400B3EBE1 /* RestaurantTableViewCell.swift */,
			);
			path = View;
			sourceTree = "<group>";
		};
		EE90E112299979B900B3EBE1 /* ViewModel */ = {
			isa = PBXGroup;
			children = (
				EE90E12329997D7700B3EBE1 /* RestaurantsViewModel.swift */,
			);
			path = ViewModel;
			sourceTree = "<group>";
		};
		EE90E11329997A3400B3EBE1 /* Networking */ = {
			isa = PBXGroup;
			children = (
				EE90E11429997A4A00B3EBE1 /* RestaurantsService.swift */,
			);
			path = Networking;
			sourceTree = "<group>";
		};
		EE90E1252999809900B3EBE1 /* Utils */ = {
			isa = PBXGroup;
			children = (
				EE90E126299980A200B3EBE1 /* Extensions.swift */,
				EE90E12B299983C000B3EBE1 /* ViewFactory.swift */,
			);
			path = Utils;
			sourceTree = "<group>";
		};
		EE90E12D2999897D00B3EBE1 /* ViewModel */ = {
			isa = PBXGroup;
			children = (
				EE90E12E2999899200B3EBE1 /* RestaurantsViewModelTests.swift */,
			);
			path = ViewModel;
			sourceTree = "<group>";
		};
		EE90E130299989B000B3EBE1 /* Mocks */ = {
			isa = PBXGroup;
			children = (
				EE90E131299989CA00B3EBE1 /* MockRestaurantsService.swift */,
				EE90E133299989FA00B3EBE1 /* MockFactory.swift */,
			);
			path = Mocks;
			sourceTree = "<group>";
		};
/* End PBXGroup section */

/* Begin PBXNativeTarget section */
		EE90E0DA299977EE00B3EBE1 /* KubikwareChallenge */ = {
			isa = PBXNativeTarget;
			buildConfigurationList = EE90E105299977F000B3EBE1 /* Build configuration list for PBXNativeTarget "KubikwareChallenge" */;
			buildPhases = (
				EE90E0D7299977EE00B3EBE1 /* Sources */,
				EE90E0D8299977EE00B3EBE1 /* Frameworks */,
				EE90E0D9299977EE00B3EBE1 /* Resources */,
			);
			buildRules = (
			);
			dependencies = (
			);
			name = KubikwareChallenge;
			packageProductDependencies = (
				EE90E1292999815E00B3EBE1 /* Kingfisher */,
			);
			productName = KubikwareChallenge;
			productReference = EE90E0DB299977EE00B3EBE1 /* KubikwareChallenge.app */;
			productType = "com.apple.product-type.application";
		};
		EE90E0F0299977F000B3EBE1 /* KubikwareChallengeTests */ = {
			isa = PBXNativeTarget;
			buildConfigurationList = EE90E108299977F000B3EBE1 /* Build configuration list for PBXNativeTarget "KubikwareChallengeTests" */;
			buildPhases = (
				EE90E0ED299977F000B3EBE1 /* Sources */,
				EE90E0EE299977F000B3EBE1 /* Frameworks */,
				EE90E0EF299977F000B3EBE1 /* Resources */,
			);
			buildRules = (
			);
			dependencies = (
				EE90E0F3299977F000B3EBE1 /* PBXTargetDependency */,
			);
			name = KubikwareChallengeTests;
			productName = KubikwareChallengeTests;
			productReference = EE90E0F1299977F000B3EBE1 /* KubikwareChallengeTests.xctest */;
			productType = "com.apple.product-type.bundle.unit-test";
		};
/* End PBXNativeTarget section */

/* Begin PBXProject section */
		EE90E0D3299977EE00B3EBE1 /* Project object */ = {
			isa = PBXProject;
			attributes = {
				BuildIndependentTargetsInParallel = 1;
				LastSwiftUpdateCheck = 1410;
				LastUpgradeCheck = 1410;
				TargetAttributes = {
					EE90E0DA299977EE00B3EBE1 = {
						CreatedOnToolsVersion = 14.1;
					};
					EE90E0F0299977F000B3EBE1 = {
						CreatedOnToolsVersion = 14.1;
						LastSwiftMigration = 1410;
						TestTargetID = EE90E0DA299977EE00B3EBE1;
					};
				};
			};
			buildConfigurationList = EE90E0D6299977EE00B3EBE1 /* Build configuration list for PBXProject "KubikwareChallenge" */;
			compatibilityVersion = "Xcode 14.0";
			developmentRegion = en;
			hasScannedForEncodings = 0;
			knownRegions = (
				en,
				Base,
			);
			mainGroup = EE90E0D2299977EE00B3EBE1;
			packageReferences = (
				EE90E1282999815E00B3EBE1 /* XCRemoteSwiftPackageReference "Kingfisher" */,
			);
			productRefGroup = EE90E0DC299977EE00B3EBE1 /* Products */;
			projectDirPath = "";
			projectRoot = "";
			targets = (
				EE90E0DA299977EE00B3EBE1 /* KubikwareChallenge */,
				EE90E0F0299977F000B3EBE1 /* KubikwareChallengeTests */,
			);
		};
/* End PBXProject section */

/* Begin PBXResourcesBuildPhase section */
		EE90E0D9299977EE00B3EBE1 /* Resources */ = {
			isa = PBXResourcesBuildPhase;
			buildActionMask = 2147483647;
			files = (
				EE90E0EB299977EF00B3EBE1 /* LaunchScreen.storyboard in Resources */,
				EE90E0E8299977EF00B3EBE1 /* Assets.xcassets in Resources */,
			);
			runOnlyForDeploymentPostprocessing = 0;
		};
		EE90E0EF299977F000B3EBE1 /* Resources */ = {
			isa = PBXResourcesBuildPhase;
			buildActionMask = 2147483647;
			files = (
			);
			runOnlyForDeploymentPostprocessing = 0;
		};
/* End PBXResourcesBuildPhase section */

/* Begin PBXSourcesBuildPhase section */
		EE90E0D7299977EE00B3EBE1 /* Sources */ = {
			isa = PBXSourcesBuildPhase;
			buildActionMask = 2147483647;
			files = (
				EE90E12129997BE400B3EBE1 /* RestaurantTableViewCell.swift in Sources */,
				EE90E11D29997AAA00B3EBE1 /* Photo.swift in Sources */,
				EE90E12429997D7700B3EBE1 /* RestaurantsViewModel.swift in Sources */,
				EE90E11929997A8200B3EBE1 /* Address.swift in Sources */,
				EE90E11729997A6600B3EBE1 /* Restaurant.swift in Sources */,
				EE90E11529997A4A00B3EBE1 /* RestaurantsService.swift in Sources */,
				EE90E0E3299977EE00B3EBE1 /* RestaurantsViewController.swift in Sources */,
				EE90E127299980A200B3EBE1 /* Extensions.swift in Sources */,
				EE90E0DF299977EE00B3EBE1 /* AppDelegate.swift in Sources */,
				EE90E11F29997AC800B3EBE1 /* Offer.swift in Sources */,
				EE90E0E1299977EE00B3EBE1 /* SceneDelegate.swift in Sources */,
				EE90E11B29997A9900B3EBE1 /* Rating.swift in Sources */,
				EE90E12C299983C000B3EBE1 /* ViewFactory.swift in Sources */,
			);
			runOnlyForDeploymentPostprocessing = 0;
		};
		EE90E0ED299977F000B3EBE1 /* Sources */ = {
			isa = PBXSourcesBuildPhase;
			buildActionMask = 2147483647;
			files = (
				EE90E132299989CA00B3EBE1 /* MockRestaurantsService.swift in Sources */,
				EE90E12F2999899200B3EBE1 /* RestaurantsViewModelTests.swift in Sources */,
				EE90E134299989FA00B3EBE1 /* MockFactory.swift in Sources */,
			);
			runOnlyForDeploymentPostprocessing = 0;
		};
/* End PBXSourcesBuildPhase section */

/* Begin PBXTargetDependency section */
		EE90E0F3299977F000B3EBE1 /* PBXTargetDependency */ = {
			isa = PBXTargetDependency;
			target = EE90E0DA299977EE00B3EBE1 /* KubikwareChallenge */;
			targetProxy = EE90E0F2299977F000B3EBE1 /* PBXContainerItemProxy */;
		};
/* End PBXTargetDependency section */

/* Begin PBXVariantGroup section */
		EE90E0E9299977EF00B3EBE1 /* LaunchScreen.storyboard */ = {
			isa = PBXVariantGroup;
			children = (
				EE90E0EA299977EF00B3EBE1 /* Base */,
			);
			name = LaunchScreen.storyboard;
			sourceTree = "<group>";
		};
/* End PBXVariantGroup section */

/* Begin XCBuildConfiguration section */
		EE90E103299977F000B3EBE1 /* Debug */ = {
			isa = XCBuildConfiguration;
			buildSettings = {
				ALWAYS_SEARCH_USER_PATHS = NO;
				CLANG_ANALYZER_NONNULL = YES;
				CLANG_ANALYZER_NUMBER_OBJECT_CONVERSION = YES_AGGRESSIVE;
				CLANG_CXX_LANGUAGE_STANDARD = "gnu++20";
				CLANG_ENABLE_MODULES = YES;
				CLANG_ENABLE_OBJC_ARC = YES;
				CLANG_ENABLE_OBJC_WEAK = YES;
				CLANG_WARN_BLOCK_CAPTURE_AUTORELEASING = YES;
				CLANG_WARN_BOOL_CONVERSION = YES;
				CLANG_WARN_COMMA = YES;
				CLANG_WARN_CONSTANT_CONVERSION = YES;
				CLANG_WARN_DEPRECATED_OBJC_IMPLEMENTATIONS = YES;
				CLANG_WARN_DIRECT_OBJC_ISA_USAGE = YES_ERROR;
				CLANG_WARN_DOCUMENTATION_COMMENTS = YES;
				CLANG_WARN_EMPTY_BODY = YES;
				CLANG_WARN_ENUM_CONVERSION = YES;
				CLANG_WARN_INFINITE_RECURSION = YES;
				CLANG_WARN_INT_CONVERSION = YES;
				CLANG_WARN_NON_LITERAL_NULL_CONVERSION = YES;
				CLANG_WARN_OBJC_IMPLICIT_RETAIN_SELF = YES;
				CLANG_WARN_OBJC_LITERAL_CONVERSION = YES;
				CLANG_WARN_OBJC_ROOT_CLASS = YES_ERROR;
				CLANG_WARN_QUOTED_INCLUDE_IN_FRAMEWORK_HEADER = YES;
				CLANG_WARN_RANGE_LOOP_ANALYSIS = YES;
				CLANG_WARN_STRICT_PROTOTYPES = YES;
				CLANG_WARN_SUSPICIOUS_MOVE = YES;
				CLANG_WARN_UNGUARDED_AVAILABILITY = YES_AGGRESSIVE;
				CLANG_WARN_UNREACHABLE_CODE = YES;
				CLANG_WARN__DUPLICATE_METHOD_MATCH = YES;
				COPY_PHASE_STRIP = NO;
				DEBUG_INFORMATION_FORMAT = dwarf;
				ENABLE_STRICT_OBJC_MSGSEND = YES;
				ENABLE_TESTABILITY = YES;
				GCC_C_LANGUAGE_STANDARD = gnu11;
				GCC_DYNAMIC_NO_PIC = NO;
				GCC_NO_COMMON_BLOCKS = YES;
				GCC_OPTIMIZATION_LEVEL = 0;
				GCC_PREPROCESSOR_DEFINITIONS = (
					"DEBUG=1",
					"$(inherited)",
				);
				GCC_WARN_64_TO_32_BIT_CONVERSION = YES;
				GCC_WARN_ABOUT_RETURN_TYPE = YES_ERROR;
				GCC_WARN_UNDECLARED_SELECTOR = YES;
				GCC_WARN_UNINITIALIZED_AUTOS = YES_AGGRESSIVE;
				GCC_WARN_UNUSED_FUNCTION = YES;
				GCC_WARN_UNUSED_VARIABLE = YES;
				IPHONEOS_DEPLOYMENT_TARGET = 13.0;
				MTL_ENABLE_DEBUG_INFO = INCLUDE_SOURCE;
				MTL_FAST_MATH = YES;
				ONLY_ACTIVE_ARCH = YES;
				SDKROOT = iphoneos;
				SWIFT_ACTIVE_COMPILATION_CONDITIONS = DEBUG;
				SWIFT_OPTIMIZATION_LEVEL = "-Onone";
			};
			name = Debug;
		};
		EE90E104299977F000B3EBE1 /* Release */ = {
			isa = XCBuildConfiguration;
			buildSettings = {
				ALWAYS_SEARCH_USER_PATHS = NO;
				CLANG_ANALYZER_NONNULL = YES;
				CLANG_ANALYZER_NUMBER_OBJECT_CONVERSION = YES_AGGRESSIVE;
				CLANG_CXX_LANGUAGE_STANDARD = "gnu++20";
				CLANG_ENABLE_MODULES = YES;
				CLANG_ENABLE_OBJC_ARC = YES;
				CLANG_ENABLE_OBJC_WEAK = YES;
				CLANG_WARN_BLOCK_CAPTURE_AUTORELEASING = YES;
				CLANG_WARN_BOOL_CONVERSION = YES;
				CLANG_WARN_COMMA = YES;
				CLANG_WARN_CONSTANT_CONVERSION = YES;
				CLANG_WARN_DEPRECATED_OBJC_IMPLEMENTATIONS = YES;
				CLANG_WARN_DIRECT_OBJC_ISA_USAGE = YES_ERROR;
				CLANG_WARN_DOCUMENTATION_COMMENTS = YES;
				CLANG_WARN_EMPTY_BODY = YES;
				CLANG_WARN_ENUM_CONVERSION = YES;
				CLANG_WARN_INFINITE_RECURSION = YES;
				CLANG_WARN_INT_CONVERSION = YES;
				CLANG_WARN_NON_LITERAL_NULL_CONVERSION = YES;
				CLANG_WARN_OBJC_IMPLICIT_RETAIN_SELF = YES;
				CLANG_WARN_OBJC_LITERAL_CONVERSION = YES;
				CLANG_WARN_OBJC_ROOT_CLASS = YES_ERROR;
				CLANG_WARN_QUOTED_INCLUDE_IN_FRAMEWORK_HEADER = YES;
				CLANG_WARN_RANGE_LOOP_ANALYSIS = YES;
				CLANG_WARN_STRICT_PROTOTYPES = YES;
				CLANG_WARN_SUSPICIOUS_MOVE = YES;
				CLANG_WARN_UNGUARDED_AVAILABILITY = YES_AGGRESSIVE;
				CLANG_WARN_UNREACHABLE_CODE = YES;
				CLANG_WARN__DUPLICATE_METHOD_MATCH = YES;
				COPY_PHASE_STRIP = NO;
				DEBUG_INFORMATION_FORMAT = "dwarf-with-dsym";
				ENABLE_NS_ASSERTIONS = NO;
				ENABLE_STRICT_OBJC_MSGSEND = YES;
				GCC_C_LANGUAGE_STANDARD = gnu11;
				GCC_NO_COMMON_BLOCKS = YES;
				GCC_WARN_64_TO_32_BIT_CONVERSION = YES;
				GCC_WARN_ABOUT_RETURN_TYPE = YES_ERROR;
				GCC_WARN_UNDECLARED_SELECTOR = YES;
				GCC_WARN_UNINITIALIZED_AUTOS = YES_AGGRESSIVE;
				GCC_WARN_UNUSED_FUNCTION = YES;
				GCC_WARN_UNUSED_VARIABLE = YES;
				IPHONEOS_DEPLOYMENT_TARGET = 13.0;
				MTL_ENABLE_DEBUG_INFO = NO;
				MTL_FAST_MATH = YES;
				SDKROOT = iphoneos;
				SWIFT_COMPILATION_MODE = wholemodule;
				SWIFT_OPTIMIZATION_LEVEL = "-O";
				VALIDATE_PRODUCT = YES;
			};
			name = Release;
		};
		EE90E106299977F000B3EBE1 /* Debug */ = {
			isa = XCBuildConfiguration;
			buildSettings = {
				ASSETCATALOG_COMPILER_APPICON_NAME = AppIcon;
				ASSETCATALOG_COMPILER_GLOBAL_ACCENT_COLOR_NAME = AccentColor;
				CODE_SIGN_STYLE = Automatic;
				CURRENT_PROJECT_VERSION = 1;
				GENERATE_INFOPLIST_FILE = YES;
				INFOPLIST_FILE = KubikwareChallenge/Main/Info.plist;
				INFOPLIST_KEY_UIApplicationSupportsIndirectInputEvents = YES;
				INFOPLIST_KEY_UILaunchStoryboardName = LaunchScreen;
				INFOPLIST_KEY_UISupportedInterfaceOrientations_iPad = "UIInterfaceOrientationPortrait UIInterfaceOrientationPortraitUpsideDown UIInterfaceOrientationLandscapeLeft UIInterfaceOrientationLandscapeRight";
				INFOPLIST_KEY_UISupportedInterfaceOrientations_iPhone = "UIInterfaceOrientationPortrait UIInterfaceOrientationLandscapeLeft UIInterfaceOrientationLandscapeRight";
				LD_RUNPATH_SEARCH_PATHS = (
					"$(inherited)",
					"@executable_path/Frameworks",
				);
				MARKETING_VERSION = 1.0;
				PRODUCT_BUNDLE_IDENTIFIER = marcosiracusano.KubikwareChallenge;
				PRODUCT_NAME = "$(TARGET_NAME)";
				SUPPORTED_PLATFORMS = "iphoneos iphonesimulator";
				SUPPORTS_MACCATALYST = NO;
				SUPPORTS_MAC_DESIGNED_FOR_IPHONE_IPAD = NO;
				SWIFT_EMIT_LOC_STRINGS = YES;
				SWIFT_VERSION = 5.0;
				TARGETED_DEVICE_FAMILY = 1;
			};
			name = Debug;
		};
		EE90E107299977F000B3EBE1 /* Release */ = {
			isa = XCBuildConfiguration;
			buildSettings = {
				ASSETCATALOG_COMPILER_APPICON_NAME = AppIcon;
				ASSETCATALOG_COMPILER_GLOBAL_ACCENT_COLOR_NAME = AccentColor;
				CODE_SIGN_STYLE = Automatic;
				CURRENT_PROJECT_VERSION = 1;
				GENERATE_INFOPLIST_FILE = YES;
				INFOPLIST_FILE = KubikwareChallenge/Main/Info.plist;
				INFOPLIST_KEY_UIApplicationSupportsIndirectInputEvents = YES;
				INFOPLIST_KEY_UILaunchStoryboardName = LaunchScreen;
				INFOPLIST_KEY_UISupportedInterfaceOrientations_iPad = "UIInterfaceOrientationPortrait UIInterfaceOrientationPortraitUpsideDown UIInterfaceOrientationLandscapeLeft UIInterfaceOrientationLandscapeRight";
				INFOPLIST_KEY_UISupportedInterfaceOrientations_iPhone = "UIInterfaceOrientationPortrait UIInterfaceOrientationLandscapeLeft UIInterfaceOrientationLandscapeRight";
				LD_RUNPATH_SEARCH_PATHS = (
					"$(inherited)",
					"@executable_path/Frameworks",
				);
				MARKETING_VERSION = 1.0;
				PRODUCT_BUNDLE_IDENTIFIER = marcosiracusano.KubikwareChallenge;
				PRODUCT_NAME = "$(TARGET_NAME)";
				SUPPORTED_PLATFORMS = "iphoneos iphonesimulator";
				SUPPORTS_MACCATALYST = NO;
				SUPPORTS_MAC_DESIGNED_FOR_IPHONE_IPAD = NO;
				SWIFT_EMIT_LOC_STRINGS = YES;
				SWIFT_VERSION = 5.0;
				TARGETED_DEVICE_FAMILY = 1;
			};
			name = Release;
		};
		EE90E109299977F000B3EBE1 /* Debug */ = {
			isa = XCBuildConfiguration;
			buildSettings = {
				ALWAYS_EMBED_SWIFT_STANDARD_LIBRARIES = YES;
				BUNDLE_LOADER = "$(TEST_HOST)";
				CLANG_ENABLE_MODULES = YES;
				CODE_SIGN_STYLE = Automatic;
				CURRENT_PROJECT_VERSION = 1;
				GENERATE_INFOPLIST_FILE = YES;
				IPHONEOS_DEPLOYMENT_TARGET = 16.1;
				LD_RUNPATH_SEARCH_PATHS = (
					"$(inherited)",
					"@executable_path/Frameworks",
					"@loader_path/Frameworks",
				);
				MARKETING_VERSION = 1.0;
				PRODUCT_BUNDLE_IDENTIFIER = marcosiracusano.KubikwareChallengeTests;
				PRODUCT_NAME = "$(TARGET_NAME)";
				SWIFT_EMIT_LOC_STRINGS = NO;
				SWIFT_OPTIMIZATION_LEVEL = "-Onone";
				SWIFT_VERSION = 5.0;
				TARGETED_DEVICE_FAMILY = "1,2";
				TEST_HOST = "$(BUILT_PRODUCTS_DIR)/KubikwareChallenge.app/$(BUNDLE_EXECUTABLE_FOLDER_PATH)/KubikwareChallenge";
			};
			name = Debug;
		};
		EE90E10A299977F000B3EBE1 /* Release */ = {
			isa = XCBuildConfiguration;
			buildSettings = {
				ALWAYS_EMBED_SWIFT_STANDARD_LIBRARIES = YES;
				BUNDLE_LOADER = "$(TEST_HOST)";
				CLANG_ENABLE_MODULES = YES;
				CODE_SIGN_STYLE = Automatic;
				CURRENT_PROJECT_VERSION = 1;
				GENERATE_INFOPLIST_FILE = YES;
				IPHONEOS_DEPLOYMENT_TARGET = 16.1;
				LD_RUNPATH_SEARCH_PATHS = (
					"$(inherited)",
					"@executable_path/Frameworks",
					"@loader_path/Frameworks",
				);
				MARKETING_VERSION = 1.0;
				PRODUCT_BUNDLE_IDENTIFIER = marcosiracusano.KubikwareChallengeTests;
				PRODUCT_NAME = "$(TARGET_NAME)";
				SWIFT_EMIT_LOC_STRINGS = NO;
				SWIFT_VERSION = 5.0;
				TARGETED_DEVICE_FAMILY = "1,2";
				TEST_HOST = "$(BUILT_PRODUCTS_DIR)/KubikwareChallenge.app/$(BUNDLE_EXECUTABLE_FOLDER_PATH)/KubikwareChallenge";
			};
			name = Release;
		};
/* End XCBuildConfiguration section */

/* Begin XCConfigurationList section */
		EE90E0D6299977EE00B3EBE1 /* Build configuration list for PBXProject "KubikwareChallenge" */ = {
			isa = XCConfigurationList;
			buildConfigurations = (
				EE90E103299977F000B3EBE1 /* Debug */,
				EE90E104299977F000B3EBE1 /* Release */,
			);
			defaultConfigurationIsVisible = 0;
			defaultConfigurationName = Release;
		};
		EE90E105299977F000B3EBE1 /* Build configuration list for PBXNativeTarget "KubikwareChallenge" */ = {
			isa = XCConfigurationList;
			buildConfigurations = (
				EE90E106299977F000B3EBE1 /* Debug */,
				EE90E107299977F000B3EBE1 /* Release */,
			);
			defaultConfigurationIsVisible = 0;
			defaultConfigurationName = Release;
		};
		EE90E108299977F000B3EBE1 /* Build configuration list for PBXNativeTarget "KubikwareChallengeTests" */ = {
			isa = XCConfigurationList;
			buildConfigurations = (
				EE90E109299977F000B3EBE1 /* Debug */,
				EE90E10A299977F000B3EBE1 /* Release */,
			);
			defaultConfigurationIsVisible = 0;
			defaultConfigurationName = Release;
		};
/* End XCConfigurationList section */

/* Begin XCRemoteSwiftPackageReference section */
		EE90E1282999815E00B3EBE1 /* XCRemoteSwiftPackageReference "Kingfisher" */ = {
			isa = XCRemoteSwiftPackageReference;
			repositoryURL = "https://github.com/onevcat/Kingfisher.git";
			requirement = {
				kind = upToNextMajorVersion;
				minimumVersion = 7.0.0;
			};
		};
/* End XCRemoteSwiftPackageReference section */

/* Begin XCSwiftPackageProductDependency section */
		EE90E1292999815E00B3EBE1 /* Kingfisher */ = {
			isa = XCSwiftPackageProductDependency;
			package = EE90E1282999815E00B3EBE1 /* XCRemoteSwiftPackageReference "Kingfisher" */;
			productName = Kingfisher;
		};
/* End XCSwiftPackageProductDependency section */
	};
	rootObject = EE90E0D3299977EE00B3EBE1 /* Project object */;
}
